
Microsoft Visual Studio Solution File, Format Version 12.00
# Visual Studio Version 17
VisualStudioVersion = 17.9.34728.123
MinimumVisualStudioVersion = 10.0.40219.1
Project("{FAE04EC0-301F-11D3-BF4B-00C04F79EFBC}") = "обновить", "обновить\обновить.csproj", "{F63DD1FE-E766-4392-A41B-0D5DCCB34764}"
EndProject
Global
	GlobalSection(SolutionConfigurationPlatforms) = preSolution
		Debug|Any CPU = Debug|Any CPU
		Release|Any CPU = Release|Any CPU
	EndGlobalSection
	GlobalSection(ProjectConfigurationPlatforms) = postSolution
		{F63DD1FE-E766-4392-A41B-0D5DCCB34764}.Debug|Any CPU.ActiveCfg = Debug|Any CPU
		{F63DD1FE-E766-4392-A41B-0D5DCCB34764}.Debug|Any CPU.Build.0 = Debug|Any CPU
		{F63DD1FE-E766-4392-A41B-0D5DCCB34764}.Release|Any CPU.ActiveCfg = Release|Any CPU
		{F63DD1FE-E766-4392-A41B-0D5DCCB34764}.Release|Any CPU.Build.0 = Release|Any CPU
	EndGlobalSection
	GlobalSection(SolutionProperties) = preSolution
		HideSolutionNode = FALSE
	EndGlobalSection
	GlobalSection(ExtensibilityGlobals) = postSolution
		SolutionGuid = {199EEF7A-06A0-41F9-A9F1-1684FD429AB9}
	EndGlobalSection
EndGlobal
